// !$*UTF8*$!
{
	archiveVersion = 1;
	classes = {
	};
	objectVersion = 46;
	objects = {

/* Begin PBXBuildFile section */
		39368BCF17C5AB58004181A9 /* ScoreModel.c in Sources */ = {isa = PBXBuildFile; fileRef = 39368BCE17C5AB58004181A9 /* ScoreModel.c */; };
		39368BF117C94CBF004181A9 /* OpenGL.c in Sources */ = {isa = PBXBuildFile; fileRef = 39368BF017C94CBF004181A9 /* OpenGL.c */; };
		39368BF617C94DA2004181A9 /* OpenGL.framework in Frameworks */ = {isa = PBXBuildFile; fileRef = 39368BF317C94D84004181A9 /* OpenGL.framework */; };
		39368BF917C94DB3004181A9 /* GLUT.framework in Frameworks */ = {isa = PBXBuildFile; fileRef = 39368BF717C94DAC004181A9 /* GLUT.framework */; };
		CE71BE9C17D3A19500A817E4 /* TheSquareModel.c in Sources */ = {isa = PBXBuildFile; fileRef = CE71BE9B17D3A19500A817E4 /* TheSquareModel.c */; };
		CE71BE9E17D5388B00A817E4 /* TheLModel.c in Sources */ = {isa = PBXBuildFile; fileRef = CE71BE9D17D5388B00A817E4 /* TheLModel.c */; };
		CE71BEA217D8083C00A817E4 /* TheBackwardsLModel.c in Sources */ = {isa = PBXBuildFile; fileRef = CE71BEA117D8083C00A817E4 /* TheBackwardsLModel.c */; };
		CE71BEA517D95CFF00A817E4 /* TheZModel.c in Sources */ = {isa = PBXBuildFile; fileRef = CE71BEA417D95CFE00A817E4 /* TheZModel.c */; };
		CE71BEA817D95EDE00A817E4 /* TheSModel.c in Sources */ = {isa = PBXBuildFile; fileRef = CE71BEA717D95EDE00A817E4 /* TheSModel.c */; };
		CE71BEAB17D960F900A817E4 /* TheTModel.c in Sources */ = {isa = PBXBuildFile; fileRef = CE71BEAA17D960F800A817E4 /* TheTModel.c */; };
		CEBB1B7617BD953400DE198A /* arrays.c in Sources */ = {isa = PBXBuildFile; fileRef = CEBB1B7517BD953400DE198A /* arrays.c */; };
		CEBB1B7E17BD9A6200DE198A /* strings.c in Sources */ = {isa = PBXBuildFile; fileRef = CEBB1B7D17BD9A6200DE198A /* strings.c */; };
		CEBB1B8117BDA6C200DE198A /* testz.c in Sources */ = {isa = PBXBuildFile; fileRef = CEBB1B8017BDA6C200DE198A /* testz.c */; };
		CEBB1B8417CD991400DE198A /* TimeModel.c in Sources */ = {isa = PBXBuildFile; fileRef = CEBB1B8317CD991400DE198A /* TimeModel.c */; };
		CEBB1B8817D14E8A00DE198A /* ShapeModel.c in Sources */ = {isa = PBXBuildFile; fileRef = CEBB1B8717D14E8A00DE198A /* ShapeModel.c */; };
		CEBB1B8C17D155BE00DE198A /* TheStickModel.c in Sources */ = {isa = PBXBuildFile; fileRef = CEBB1B8B17D155BE00DE198A /* TheStickModel.c */; };
		CECE374017B4656C003254BF /* main.c in Sources */ = {isa = PBXBuildFile; fileRef = CECE373F17B4656C003254BF /* main.c */; };
		CECE374217B4656C003254BF /* JosiahsProjects.1 in CopyFiles */ = {isa = PBXBuildFile; fileRef = CECE374117B4656C003254BF /* JosiahsProjects.1 */; };
/* End PBXBuildFile section */

/* Begin PBXCopyFilesBuildPhase section */
		CECE373A17B4656C003254BF /* CopyFiles */ = {
			isa = PBXCopyFilesBuildPhase;
			buildActionMask = 2147483647;
			dstPath = /usr/share/man/man1/;
			dstSubfolderSpec = 0;
			files = (
				CECE374217B4656C003254BF /* JosiahsProjects.1 in CopyFiles */,
			);
			runOnlyForDeploymentPostprocessing = 1;
		};
/* End PBXCopyFilesBuildPhase section */

/* Begin PBXFileReference section */
		39368BCE17C5AB58004181A9 /* ScoreModel.c */ = {isa = PBXFileReference; fileEncoding = 4; lastKnownFileType = sourcecode.c.c; path = ScoreModel.c; sourceTree = "<group>"; };
		39368BD017C5AB5D004181A9 /* ScoreModel.h */ = {isa = PBXFileReference; lastKnownFileType = sourcecode.c.h; path = ScoreModel.h; sourceTree = "<group>"; };
		39368BD417C6DAF8004181A9 /* BoardModel.h */ = {isa = PBXFileReference; lastKnownFileType = sourcecode.c.h; path = BoardModel.h; sourceTree = "<group>"; };
		39368BF017C94CBF004181A9 /* OpenGL.c */ = {isa = PBXFileReference; fileEncoding = 4; lastKnownFileType = sourcecode.c.c; path = OpenGL.c; sourceTree = "<group>"; };
		39368BF217C94CE8004181A9 /* OpenGL.h */ = {isa = PBXFileReference; lastKnownFileType = sourcecode.c.h; path = OpenGL.h; sourceTree = "<group>"; };
		39368BF317C94D84004181A9 /* OpenGL.framework */ = {isa = PBXFileReference; lastKnownFileType = wrapper.framework; name = OpenGL.framework; path = System/Library/Frameworks/OpenGL.framework; sourceTree = SDKROOT; };
		39368BF717C94DAC004181A9 /* GLUT.framework */ = {isa = PBXFileReference; lastKnownFileType = wrapper.framework; name = GLUT.framework; path = System/Library/Frameworks/GLUT.framework; sourceTree = SDKROOT; };
		39897B8D17C98673003CA5CE /* Model_View_Controller.rtf */ = {isa = PBXFileReference; lastKnownFileType = text.rtf; path = Model_View_Controller.rtf; sourceTree = "<group>"; };
		39897B8E17CAD6AE003CA5CE /* Outline.jpg */ = {isa = PBXFileReference; lastKnownFileType = image.jpeg; path = Outline.jpg; sourceTree = "<group>"; };
		CE71BE9A17D39F9500A817E4 /* TheSquareModel.h */ = {isa = PBXFileReference; lastKnownFileType = sourcecode.c.h; path = TheSquareModel.h; sourceTree = "<group>"; };
		CE71BE9B17D3A19500A817E4 /* TheSquareModel.c */ = {isa = PBXFileReference; fileEncoding = 4; lastKnownFileType = sourcecode.c.c; path = TheSquareModel.c; sourceTree = "<group>"; };
		CE71BE9D17D5388B00A817E4 /* TheLModel.c */ = {isa = PBXFileReference; fileEncoding = 4; lastKnownFileType = sourcecode.c.c; path = TheLModel.c; sourceTree = "<group>"; };
		CE71BE9F17D5389A00A817E4 /* TheLModel.h */ = {isa = PBXFileReference; lastKnownFileType = sourcecode.c.h; path = TheLModel.h; sourceTree = "<group>"; };
		CE71BEA017D8082C00A817E4 /* TheBackwardsLModel.h */ = {isa = PBXFileReference; lastKnownFileType = sourcecode.c.h; path = TheBackwardsLModel.h; sourceTree = "<group>"; };
		CE71BEA117D8083C00A817E4 /* TheBackwardsLModel.c */ = {isa = PBXFileReference; fileEncoding = 4; lastKnownFileType = sourcecode.c.c; path = TheBackwardsLModel.c; sourceTree = "<group>"; };
		CE71BEA317D95CF100A817E4 /* TheZModel.h */ = {isa = PBXFileReference; lastKnownFileType = sourcecode.c.h; path = TheZModel.h; sourceTree = "<group>"; };
		CE71BEA417D95CFE00A817E4 /* TheZModel.c */ = {isa = PBXFileReference; fileEncoding = 4; lastKnownFileType = sourcecode.c.c; path = TheZModel.c; sourceTree = "<group>"; };
		CE71BEA617D95ECF00A817E4 /* TheSModel.h */ = {isa = PBXFileReference; lastKnownFileType = sourcecode.c.h; path = TheSModel.h; sourceTree = "<group>"; };
		CE71BEA717D95EDE00A817E4 /* TheSModel.c */ = {isa = PBXFileReference; fileEncoding = 4; lastKnownFileType = sourcecode.c.c; path = TheSModel.c; sourceTree = "<group>"; };
		CE71BEA917D960ED00A817E4 /* TheTModel.h */ = {isa = PBXFileReference; lastKnownFileType = sourcecode.c.h; path = TheTModel.h; sourceTree = "<group>"; };
		CE71BEAA17D960F800A817E4 /* TheTModel.c */ = {isa = PBXFileReference; fileEncoding = 4; lastKnownFileType = sourcecode.c.c; path = TheTModel.c; sourceTree = "<group>"; };
		CEBB1B7517BD953400DE198A /* arrays.c */ = {isa = PBXFileReference; fileEncoding = 4; lastKnownFileType = sourcecode.c.c; path = arrays.c; sourceTree = "<group>"; };
		CEBB1B7917BD980E00DE198A /* arrays.h */ = {isa = PBXFileReference; lastKnownFileType = sourcecode.c.h; path = arrays.h; sourceTree = "<group>"; };
		CEBB1B7D17BD9A6200DE198A /* strings.c */ = {isa = PBXFileReference; fileEncoding = 4; lastKnownFileType = sourcecode.c.c; path = strings.c; sourceTree = "<group>"; };
		CEBB1B7F17BD9A7200DE198A /* strings.h */ = {isa = PBXFileReference; lastKnownFileType = sourcecode.c.h; path = strings.h; sourceTree = "<group>"; };
		CEBB1B8017BDA6C200DE198A /* testz.c */ = {isa = PBXFileReference; fileEncoding = 4; lastKnownFileType = sourcecode.c.c; path = testz.c; sourceTree = "<group>"; };
		CEBB1B8217BDA76600DE198A /* testz.h */ = {isa = PBXFileReference; lastKnownFileType = sourcecode.c.h; path = testz.h; sourceTree = "<group>"; };
		CEBB1B8317CD991400DE198A /* TimeModel.c */ = {isa = PBXFileReference; fileEncoding = 4; lastKnownFileType = sourcecode.c.c; path = TimeModel.c; sourceTree = "<group>"; };
		CEBB1B8517CD9A6900DE198A /* TimeModel.h */ = {isa = PBXFileReference; lastKnownFileType = sourcecode.c.h; path = TimeModel.h; sourceTree = "<group>"; };
		CEBB1B8617CEEB8B00DE198A /* ShapeModel.h */ = {isa = PBXFileReference; lastKnownFileType = sourcecode.c.h; path = ShapeModel.h; sourceTree = "<group>"; };
		CEBB1B8717D14E8A00DE198A /* ShapeModel.c */ = {isa = PBXFileReference; fileEncoding = 4; lastKnownFileType = sourcecode.c.c; path = ShapeModel.c; sourceTree = "<group>"; };
		CEBB1B8A17D154BD00DE198A /* TheStickModel.h */ = {isa = PBXFileReference; lastKnownFileType = sourcecode.c.h; path = TheStickModel.h; sourceTree = "<group>"; };
		CEBB1B8B17D155BE00DE198A /* TheStickModel.c */ = {isa = PBXFileReference; fileEncoding = 4; lastKnownFileType = sourcecode.c.c; path = TheStickModel.c; sourceTree = "<group>"; };
		CECE373C17B4656C003254BF /* JosiahsProjects */ = {isa = PBXFileReference; explicitFileType = "compiled.mach-o.executable"; includeInIndex = 0; path = JosiahsProjects; sourceTree = BUILT_PRODUCTS_DIR; };
		CECE373F17B4656C003254BF /* main.c */ = {isa = PBXFileReference; lastKnownFileType = sourcecode.c.c; path = main.c; sourceTree = "<group>"; };
		CECE374117B4656C003254BF /* JosiahsProjects.1 */ = {isa = PBXFileReference; lastKnownFileType = text.man; path = JosiahsProjects.1; sourceTree = "<group>"; };
/* End PBXFileReference section */

/* Begin PBXFrameworksBuildPhase section */
		CECE373917B4656C003254BF /* Frameworks */ = {
			isa = PBXFrameworksBuildPhase;
			buildActionMask = 2147483647;
			files = (
				39368BF617C94DA2004181A9 /* OpenGL.framework in Frameworks */,
				39368BF917C94DB3004181A9 /* GLUT.framework in Frameworks */,
			);
			runOnlyForDeploymentPostprocessing = 0;
		};
/* End PBXFrameworksBuildPhase section */

/* Begin PBXGroup section */
		39368BCA17C5AB2A004181A9 /* Learning */ = {
			isa = PBXGroup;
			children = (
				CEBB1B7B17BD99E900DE198A /* H Files */,
				CEBB1B7A17BD99DC00DE198A /* C Files */,
			);
			name = Learning;
			sourceTree = "<group>";
		};
		39368BCB17C5AB44004181A9 /* Tetris */ = {
			isa = PBXGroup;
			children = (
				39368BFC17C95A41004181A9 /* Controllers */,
				39368BFB17C95A38004181A9 /* Views */,
				39368BFA17C95A32004181A9 /* Models */,
				39897B8D17C98673003CA5CE /* Model_View_Controller.rtf */,
				39897B8E17CAD6AE003CA5CE /* Outline.jpg */,
			);
			name = Tetris;
			sourceTree = "<group>";
		};
		39368BF517C94D92004181A9 /* Frameworks */ = {
			isa = PBXGroup;
			children = (
				39368BF717C94DAC004181A9 /* GLUT.framework */,
				39368BF317C94D84004181A9 /* OpenGL.framework */,
			);
			name = Frameworks;
			sourceTree = "<group>";
		};
		39368BFA17C95A32004181A9 /* Models */ = {
			isa = PBXGroup;
			children = (
				39368BD417C6DAF8004181A9 /* BoardModel.h */,
				39368BD017C5AB5D004181A9 /* ScoreModel.h */,
				39368BCE17C5AB58004181A9 /* ScoreModel.c */,
				CEBB1B8517CD9A6900DE198A /* TimeModel.h */,
				CEBB1B8317CD991400DE198A /* TimeModel.c */,
				CEBB1B8917D154A100DE198A /* Shapes */,
			);
			name = Models;
			sourceTree = "<group>";
		};
		39368BFB17C95A38004181A9 /* Views */ = {
			isa = PBXGroup;
			children = (
			);
			name = Views;
			sourceTree = "<group>";
		};
		39368BFC17C95A41004181A9 /* Controllers */ = {
			isa = PBXGroup;
			children = (
				39368BF017C94CBF004181A9 /* OpenGL.c */,
				39368BF217C94CE8004181A9 /* OpenGL.h */,
			);
			name = Controllers;
			sourceTree = "<group>";
		};
		CEBB1B7A17BD99DC00DE198A /* C Files */ = {
			isa = PBXGroup;
			children = (
				CEBB1B7517BD953400DE198A /* arrays.c */,
				CEBB1B7D17BD9A6200DE198A /* strings.c */,
				CEBB1B8017BDA6C200DE198A /* testz.c */,
			);
			name = "C Files";
			sourceTree = "<group>";
		};
		CEBB1B7B17BD99E900DE198A /* H Files */ = {
			isa = PBXGroup;
			children = (
				CEBB1B7917BD980E00DE198A /* arrays.h */,
				CEBB1B7F17BD9A7200DE198A /* strings.h */,
				CEBB1B8217BDA76600DE198A /* testz.h */,
			);
			name = "H Files";
			sourceTree = "<group>";
		};
		CEBB1B7C17BD99F500DE198A /* Resources */ = {
			isa = PBXGroup;
			children = (
				CECE374117B4656C003254BF /* JosiahsProjects.1 */,
			);
			name = Resources;
			sourceTree = "<group>";
		};
		CEBB1B8917D154A100DE198A /* Shapes */ = {
			isa = PBXGroup;
			children = (
				CEBB1B8617CEEB8B00DE198A /* ShapeModel.h */,
				CEBB1B8717D14E8A00DE198A /* ShapeModel.c */,
				CE71BE9A17D39F9500A817E4 /* TheSquareModel.h */,
				CE71BE9B17D3A19500A817E4 /* TheSquareModel.c */,
				CE71BE9F17D5389A00A817E4 /* TheLModel.h */,
				CE71BE9D17D5388B00A817E4 /* TheLModel.c */,
				CE71BEA317D95CF100A817E4 /* TheZModel.h */,
				CE71BEA417D95CFE00A817E4 /* TheZModel.c */,
				CE71BEA617D95ECF00A817E4 /* TheSModel.h */,
				CE71BEA717D95EDE00A817E4 /* TheSModel.c */,
				CE71BEA917D960ED00A817E4 /* TheTModel.h */,
				CE71BEAA17D960F800A817E4 /* TheTModel.c */,
				CE71BEA017D8082C00A817E4 /* TheBackwardsLModel.h */,
				CE71BEA117D8083C00A817E4 /* TheBackwardsLModel.c */,
				CEBB1B8A17D154BD00DE198A /* TheStickModel.h */,
				CEBB1B8B17D155BE00DE198A /* TheStickModel.c */,
			);
			name = Shapes;
			sourceTree = "<group>";
		};
		CECE373317B4656C003254BF = {
			isa = PBXGroup;
			children = (
				CECE373E17B4656C003254BF /* JosiahsProjects */,
				CECE373D17B4656C003254BF /* Products */,
			);
			sourceTree = "<group>";
		};
		CECE373D17B4656C003254BF /* Products */ = {
			isa = PBXGroup;
			children = (
				CECE373C17B4656C003254BF /* JosiahsProjects */,
			);
			name = Products;
			sourceTree = "<group>";
		};
		CECE373E17B4656C003254BF /* JosiahsProjects */ = {
			isa = PBXGroup;
			children = (
				CECE373F17B4656C003254BF /* main.c */,
				39368BCB17C5AB44004181A9 /* Tetris */,
				39368BCA17C5AB2A004181A9 /* Learning */,
				CEBB1B7C17BD99F500DE198A /* Resources */,
				39368BF517C94D92004181A9 /* Frameworks */,
			);
			path = JosiahsProjects;
			sourceTree = "<group>";
		};
/* End PBXGroup section */

/* Begin PBXNativeTarget section */
		CECE373B17B4656C003254BF /* JosiahsProjects */ = {
			isa = PBXNativeTarget;
			buildConfigurationList = CECE374517B4656C003254BF /* Build configuration list for PBXNativeTarget "JosiahsProjects" */;
			buildPhases = (
				CECE373817B4656C003254BF /* Sources */,
				CECE373917B4656C003254BF /* Frameworks */,
				CECE373A17B4656C003254BF /* CopyFiles */,
			);
			buildRules = (
			);
			dependencies = (
			);
			name = JosiahsProjects;
			productName = JosiahsProjects;
			productReference = CECE373C17B4656C003254BF /* JosiahsProjects */;
			productType = "com.apple.product-type.tool";
		};
/* End PBXNativeTarget section */

/* Begin PBXProject section */
		CECE373417B4656C003254BF /* Project object */ = {
			isa = PBXProject;
			attributes = {
				LastUpgradeCheck = 0460;
				ORGANIZATIONNAME = Engineering;
			};
			buildConfigurationList = CECE373717B4656C003254BF /* Build configuration list for PBXProject "JosiahsProjects" */;
			compatibilityVersion = "Xcode 3.2";
			developmentRegion = English;
			hasScannedForEncodings = 0;
			knownRegions = (
				en,
			);
			mainGroup = CECE373317B4656C003254BF;
			productRefGroup = CECE373D17B4656C003254BF /* Products */;
			projectDirPath = "";
			projectRoot = "";
			targets = (
				CECE373B17B4656C003254BF /* JosiahsProjects */,
			);
		};
/* End PBXProject section */

/* Begin PBXSourcesBuildPhase section */
		CECE373817B4656C003254BF /* Sources */ = {
			isa = PBXSourcesBuildPhase;
			buildActionMask = 2147483647;
			files = (
				CECE374017B4656C003254BF /* main.c in Sources */,
				CEBB1B7617BD953400DE198A /* arrays.c in Sources */,
				CEBB1B7E17BD9A6200DE198A /* strings.c in Sources */,
				CEBB1B8117BDA6C200DE198A /* testz.c in Sources */,
				39368BCF17C5AB58004181A9 /* ScoreModel.c in Sources */,
				39368BF117C94CBF004181A9 /* OpenGL.c in Sources */,
				CEBB1B8417CD991400DE198A /* TimeModel.c in Sources */,
				CEBB1B8817D14E8A00DE198A /* ShapeModel.c in Sources */,
				CEBB1B8C17D155BE00DE198A /* TheStickModel.c in Sources */,
				CE71BE9C17D3A19500A817E4 /* TheSquareModel.c in Sources */,
				CE71BE9E17D5388B00A817E4 /* TheLModel.c in Sources */,
				CE71BEA217D8083C00A817E4 /* TheBackwardsLModel.c in Sources */,
				CE71BEA517D95CFF00A817E4 /* TheZModel.c in Sources */,
				CE71BEA817D95EDE00A817E4 /* TheSModel.c in Sources */,
				CE71BEAB17D960F900A817E4 /* TheTModel.c in Sources */,
			);
			runOnlyForDeploymentPostprocessing = 0;
		};
/* End PBXSourcesBuildPhase section */

/* Begin XCBuildConfiguration section */
		CECE374317B4656C003254BF /* Debug */ = {
			isa = XCBuildConfiguration;
			buildSettings = {
				ALWAYS_SEARCH_USER_PATHS = NO;
				ARCHS = "$(ARCHS_STANDARD_64_BIT)";
				CLANG_CXX_LANGUAGE_STANDARD = "gnu++0x";
				CLANG_CXX_LIBRARY = "libc++";
				CLANG_WARN_CONSTANT_CONVERSION = YES;
				CLANG_WARN_EMPTY_BODY = YES;
				CLANG_WARN_ENUM_CONVERSION = YES;
				CLANG_WARN_INT_CONVERSION = YES;
				CLANG_WARN__DUPLICATE_METHOD_MATCH = YES;
				COPY_PHASE_STRIP = NO;
				GCC_C_LANGUAGE_STANDARD = gnu99;
				GCC_DYNAMIC_NO_PIC = NO;
				GCC_ENABLE_OBJC_EXCEPTIONS = YES;
				GCC_OPTIMIZATION_LEVEL = 0;
				GCC_PREPROCESSOR_DEFINITIONS = (
					"DEBUG=1",
					"$(inherited)",
				);
				GCC_SYMBOLS_PRIVATE_EXTERN = NO;
				GCC_WARN_64_TO_32_BIT_CONVERSION = YES;
				GCC_WARN_ABOUT_RETURN_TYPE = YES;
				GCC_WARN_UNINITIALIZED_AUTOS = YES;
				GCC_WARN_UNUSED_VARIABLE = YES;
				MACOSX_DEPLOYMENT_TARGET = 10.8;
				ONLY_ACTIVE_ARCH = YES;
				SDKROOT = macosx;
			};
			name = Debug;
		};
		CECE374417B4656C003254BF /* Release */ = {
			isa = XCBuildConfiguration;
			buildSettings = {
				ALWAYS_SEARCH_USER_PATHS = NO;
				ARCHS = "$(ARCHS_STANDARD_64_BIT)";
				CLANG_CXX_LANGUAGE_STANDARD = "gnu++0x";
				CLANG_CXX_LIBRARY = "libc++";
				CLANG_WARN_CONSTANT_CONVERSION = YES;
				CLANG_WARN_EMPTY_BODY = YES;
				CLANG_WARN_ENUM_CONVERSION = YES;
				CLANG_WARN_INT_CONVERSION = YES;
				CLANG_WARN__DUPLICATE_METHOD_MATCH = YES;
				COPY_PHASE_STRIP = YES;
				DEBUG_INFORMATION_FORMAT = "dwarf-with-dsym";
				GCC_C_LANGUAGE_STANDARD = gnu99;
				GCC_ENABLE_OBJC_EXCEPTIONS = YES;
				GCC_WARN_64_TO_32_BIT_CONVERSION = YES;
				GCC_WARN_ABOUT_RETURN_TYPE = YES;
				GCC_WARN_UNINITIALIZED_AUTOS = YES;
				GCC_WARN_UNUSED_VARIABLE = YES;
				MACOSX_DEPLOYMENT_TARGET = 10.8;
				SDKROOT = macosx;
			};
			name = Release;
		};
		CECE374617B4656C003254BF /* Debug */ = {
			isa = XCBuildConfiguration;
			buildSettings = {
				PRODUCT_NAME = "$(TARGET_NAME)";
			};
			name = Debug;
		};
		CECE374717B4656C003254BF /* Release */ = {
			isa = XCBuildConfiguration;
			buildSettings = {
				PRODUCT_NAME = "$(TARGET_NAME)";
			};
			name = Release;
		};
/* End XCBuildConfiguration section */

/* Begin XCConfigurationList section */
		CECE373717B4656C003254BF /* Build configuration list for PBXProject "JosiahsProjects" */ = {
			isa = XCConfigurationList;
			buildConfigurations = (
				CECE374317B4656C003254BF /* Debug */,
				CECE374417B4656C003254BF /* Release */,
			);
			defaultConfigurationIsVisible = 0;
			defaultConfigurationName = Release;
		};
		CECE374517B4656C003254BF /* Build configuration list for PBXNativeTarget "JosiahsProjects" */ = {
			isa = XCConfigurationList;
			buildConfigurations = (
				CECE374617B4656C003254BF /* Debug */,
				CECE374717B4656C003254BF /* Release */,
			);
			defaultConfigurationIsVisible = 0;
			defaultConfigurationName = Release;
		};
/* End XCConfigurationList section */
	};
	rootObject = CECE373417B4656C003254BF /* Project object */;
}
